
Microsoft Visual Studio Solution File, Format Version 12.00
# Visual Studio 2013
VisualStudioVersion = 12.0.30324.0
MinimumVisualStudioVersion = 10.0.40219.1
Project("{FAE04EC0-301F-11D3-BF4B-00C04F79EFBC}") = "Evento", "Evento\Evento\Evento.csproj", "{58053666-0AD8-4909-AC1F-4A81D91E11FB}"
EndProject
Project("{FAE04EC0-301F-11D3-BF4B-00C04F79EFBC}") = "Evento.iOS", "Evento\Evento.iOS\Evento.iOS.csproj", "{5491D6BD-71F6-4F04-AC72-4426D756146B}"
EndProject
Project("{FAE04EC0-301F-11D3-BF4B-00C04F79EFBC}") = "Evento.Android", "Evento\Evento.Android\Evento.Android.csproj", "{5AD3481D-6595-4CB9-8D89-55CAF6548106}"
EndProject
Project("{FAE04EC0-301F-11D3-BF4B-00C04F79EFBC}") = "Evento.WinPhone", "Evento\Evento.WinPhone\Evento.WinPhone.csproj", "{DB657F07-7990-4147-B7CC-4B9FFE322AC3}"
EndProject
Global
	GlobalSection(SolutionConfigurationPlatforms) = preSolution
		Ad-Hoc|Any CPU = Ad-Hoc|Any CPU
		Ad-Hoc|ARM = Ad-Hoc|ARM
		Ad-Hoc|iPhone = Ad-Hoc|iPhone
		Ad-Hoc|iPhoneSimulator = Ad-Hoc|iPhoneSimulator
		Ad-Hoc|Mixed Platforms = Ad-Hoc|Mixed Platforms
		Ad-Hoc|x86 = Ad-Hoc|x86
		AppStore|Any CPU = AppStore|Any CPU
		AppStore|ARM = AppStore|ARM
		AppStore|iPhone = AppStore|iPhone
		AppStore|iPhoneSimulator = AppStore|iPhoneSimulator
		AppStore|Mixed Platforms = AppStore|Mixed Platforms
		AppStore|x86 = AppStore|x86
		Debug|Any CPU = Debug|Any CPU
		Debug|ARM = Debug|ARM
		Debug|iPhone = Debug|iPhone
		Debug|iPhoneSimulator = Debug|iPhoneSimulator
		Debug|Mixed Platforms = Debug|Mixed Platforms
		Debug|x86 = Debug|x86
		Release|Any CPU = Release|Any CPU
		Release|ARM = Release|ARM
		Release|iPhone = Release|iPhone
		Release|iPhoneSimulator = Release|iPhoneSimulator
		Release|Mixed Platforms = Release|Mixed Platforms
		Release|x86 = Release|x86
	EndGlobalSection
	GlobalSection(ProjectConfigurationPlatforms) = postSolution
		{58053666-0AD8-4909-AC1F-4A81D91E11FB}.Ad-Hoc|Any CPU.ActiveCfg = Release|Any CPU
		{58053666-0AD8-4909-AC1F-4A81D91E11FB}.Ad-Hoc|Any CPU.Build.0 = Release|Any CPU
		{58053666-0AD8-4909-AC1F-4A81D91E11FB}.Ad-Hoc|ARM.ActiveCfg = Release|Any CPU
		{58053666-0AD8-4909-AC1F-4A81D91E11FB}.Ad-Hoc|iPhone.ActiveCfg = Release|Any CPU
		{58053666-0AD8-4909-AC1F-4A81D91E11FB}.Ad-Hoc|iPhoneSimulator.ActiveCfg = Release|Any CPU
		{58053666-0AD8-4909-AC1F-4A81D91E11FB}.Ad-Hoc|Mixed Platforms.ActiveCfg = Release|Any CPU
		{58053666-0AD8-4909-AC1F-4A81D91E11FB}.Ad-Hoc|Mixed Platforms.Build.0 = Release|Any CPU
		{58053666-0AD8-4909-AC1F-4A81D91E11FB}.Ad-Hoc|x86.ActiveCfg = Release|Any CPU
		{58053666-0AD8-4909-AC1F-4A81D91E11FB}.AppStore|Any CPU.ActiveCfg = Release|Any CPU
		{58053666-0AD8-4909-AC1F-4A81D91E11FB}.AppStore|Any CPU.Build.0 = Release|Any CPU
		{58053666-0AD8-4909-AC1F-4A81D91E11FB}.AppStore|ARM.ActiveCfg = Release|Any CPU
		{58053666-0AD8-4909-AC1F-4A81D91E11FB}.AppStore|iPhone.ActiveCfg = Release|Any CPU
		{58053666-0AD8-4909-AC1F-4A81D91E11FB}.AppStore|iPhoneSimulator.ActiveCfg = Release|Any CPU
		{58053666-0AD8-4909-AC1F-4A81D91E11FB}.AppStore|Mixed Platforms.ActiveCfg = Release|Any CPU
		{58053666-0AD8-4909-AC1F-4A81D91E11FB}.AppStore|Mixed Platforms.Build.0 = Release|Any CPU
		{58053666-0AD8-4909-AC1F-4A81D91E11FB}.AppStore|x86.ActiveCfg = Release|Any CPU
		{58053666-0AD8-4909-AC1F-4A81D91E11FB}.Debug|Any CPU.ActiveCfg = Debug|Any CPU
		{58053666-0AD8-4909-AC1F-4A81D91E11FB}.Debug|Any CPU.Build.0 = Debug|Any CPU
		{58053666-0AD8-4909-AC1F-4A81D91E11FB}.Debug|ARM.ActiveCfg = Debug|Any CPU
		{58053666-0AD8-4909-AC1F-4A81D91E11FB}.Debug|iPhone.ActiveCfg = Debug|Any CPU
		{58053666-0AD8-4909-AC1F-4A81D91E11FB}.Debug|iPhoneSimulator.ActiveCfg = Debug|Any CPU
		{58053666-0AD8-4909-AC1F-4A81D91E11FB}.Debug|Mixed Platforms.ActiveCfg = Debug|Any CPU
		{58053666-0AD8-4909-AC1F-4A81D91E11FB}.Debug|Mixed Platforms.Build.0 = Debug|Any CPU
		{58053666-0AD8-4909-AC1F-4A81D91E11FB}.Debug|x86.ActiveCfg = Debug|Any CPU
		{58053666-0AD8-4909-AC1F-4A81D91E11FB}.Release|Any CPU.ActiveCfg = Release|Any CPU
		{58053666-0AD8-4909-AC1F-4A81D91E11FB}.Release|Any CPU.Build.0 = Release|Any CPU
		{58053666-0AD8-4909-AC1F-4A81D91E11FB}.Release|ARM.ActiveCfg = Release|Any CPU
		{58053666-0AD8-4909-AC1F-4A81D91E11FB}.Release|iPhone.ActiveCfg = Release|Any CPU
		{58053666-0AD8-4909-AC1F-4A81D91E11FB}.Release|iPhoneSimulator.ActiveCfg = Release|Any CPU
		{58053666-0AD8-4909-AC1F-4A81D91E11FB}.Release|Mixed Platforms.ActiveCfg = Release|Any CPU
		{58053666-0AD8-4909-AC1F-4A81D91E11FB}.Release|Mixed Platforms.Build.0 = Release|Any CPU
		{58053666-0AD8-4909-AC1F-4A81D91E11FB}.Release|x86.ActiveCfg = Release|Any CPU
		{5491D6BD-71F6-4F04-AC72-4426D756146B}.Ad-Hoc|Any CPU.ActiveCfg = Ad-Hoc|iPhone
		{5491D6BD-71F6-4F04-AC72-4426D756146B}.Ad-Hoc|ARM.ActiveCfg = Ad-Hoc|iPhone
		{5491D6BD-71F6-4F04-AC72-4426D756146B}.Ad-Hoc|iPhone.ActiveCfg = Ad-Hoc|iPhone
		{5491D6BD-71F6-4F04-AC72-4426D756146B}.Ad-Hoc|iPhone.Build.0 = Ad-Hoc|iPhone
		{5491D6BD-71F6-4F04-AC72-4426D756146B}.Ad-Hoc|iPhone.Deploy.0 = Ad-Hoc|iPhone
		{5491D6BD-71F6-4F04-AC72-4426D756146B}.Ad-Hoc|iPhoneSimulator.ActiveCfg = Ad-Hoc|iPhoneSimulator
		{5491D6BD-71F6-4F04-AC72-4426D756146B}.Ad-Hoc|iPhoneSimulator.Build.0 = Ad-Hoc|iPhoneSimulator
		{5491D6BD-71F6-4F04-AC72-4426D756146B}.Ad-Hoc|iPhoneSimulator.Deploy.0 = Ad-Hoc|iPhoneSimulator
		{5491D6BD-71F6-4F04-AC72-4426D756146B}.Ad-Hoc|Mixed Platforms.ActiveCfg = Ad-Hoc|iPhone
		{5491D6BD-71F6-4F04-AC72-4426D756146B}.Ad-Hoc|Mixed Platforms.Build.0 = Ad-Hoc|iPhone
		{5491D6BD-71F6-4F04-AC72-4426D756146B}.Ad-Hoc|Mixed Platforms.Deploy.0 = Ad-Hoc|iPhone
		{5491D6BD-71F6-4F04-AC72-4426D756146B}.Ad-Hoc|x86.ActiveCfg = Ad-Hoc|iPhone
		{5491D6BD-71F6-4F04-AC72-4426D756146B}.AppStore|Any CPU.ActiveCfg = AppStore|iPhone
		{5491D6BD-71F6-4F04-AC72-4426D756146B}.AppStore|ARM.ActiveCfg = AppStore|iPhone
		{5491D6BD-71F6-4F04-AC72-4426D756146B}.AppStore|iPhone.ActiveCfg = AppStore|iPhone
		{5491D6BD-71F6-4F04-AC72-4426D756146B}.AppStore|iPhone.Build.0 = AppStore|iPhone
		{5491D6BD-71F6-4F04-AC72-4426D756146B}.AppStore|iPhone.Deploy.0 = AppStore|iPhone
		{5491D6BD-71F6-4F04-AC72-4426D756146B}.AppStore|iPhoneSimulator.ActiveCfg = AppStore|iPhoneSimulator
		{5491D6BD-71F6-4F04-AC72-4426D756146B}.AppStore|iPhoneSimulator.Build.0 = AppStore|iPhoneSimulator
		{5491D6BD-71F6-4F04-AC72-4426D756146B}.AppStore|iPhoneSimulator.Deploy.0 = AppStore|iPhoneSimulator
		{5491D6BD-71F6-4F04-AC72-4426D756146B}.AppStore|Mixed Platforms.ActiveCfg = AppStore|iPhone
		{5491D6BD-71F6-4F04-AC72-4426D756146B}.AppStore|Mixed Platforms.Build.0 = AppStore|iPhone
		{5491D6BD-71F6-4F04-AC72-4426D756146B}.AppStore|Mixed Platforms.Deploy.0 = AppStore|iPhone
		{5491D6BD-71F6-4F04-AC72-4426D756146B}.AppStore|x86.ActiveCfg = AppStore|iPhone
		{5491D6BD-71F6-4F04-AC72-4426D756146B}.Debug|Any CPU.ActiveCfg = Debug|iPhone
		{5491D6BD-71F6-4F04-AC72-4426D756146B}.Debug|ARM.ActiveCfg = Debug|iPhone
		{5491D6BD-71F6-4F04-AC72-4426D756146B}.Debug|iPhone.ActiveCfg = Debug|iPhone
		{5491D6BD-71F6-4F04-AC72-4426D756146B}.Debug|iPhone.Build.0 = Debug|iPhone
		{5491D6BD-71F6-4F04-AC72-4426D756146B}.Debug|iPhone.Deploy.0 = Debug|iPhone
		{5491D6BD-71F6-4F04-AC72-4426D756146B}.Debug|iPhoneSimulator.ActiveCfg = Debug|iPhoneSimulator
		{5491D6BD-71F6-4F04-AC72-4426D756146B}.Debug|iPhoneSimulator.Build.0 = Debug|iPhoneSimulator
		{5491D6BD-71F6-4F04-AC72-4426D756146B}.Debug|iPhoneSimulator.Deploy.0 = Debug|iPhoneSimulator
		{5491D6BD-71F6-4F04-AC72-4426D756146B}.Debug|Mixed Platforms.ActiveCfg = Debug|iPhone
		{5491D6BD-71F6-4F04-AC72-4426D756146B}.Debug|Mixed Platforms.Build.0 = Debug|iPhone
		{5491D6BD-71F6-4F04-AC72-4426D756146B}.Debug|Mixed Platforms.Deploy.0 = Debug|iPhone
		{5491D6BD-71F6-4F04-AC72-4426D756146B}.Debug|x86.ActiveCfg = Debug|iPhone
		{5491D6BD-71F6-4F04-AC72-4426D756146B}.Release|Any CPU.ActiveCfg = Release|iPhone
		{5491D6BD-71F6-4F04-AC72-4426D756146B}.Release|ARM.ActiveCfg = Release|iPhone
		{5491D6BD-71F6-4F04-AC72-4426D756146B}.Release|iPhone.ActiveCfg = Release|iPhone
		{5491D6BD-71F6-4F04-AC72-4426D756146B}.Release|iPhone.Build.0 = Release|iPhone
		{5491D6BD-71F6-4F04-AC72-4426D756146B}.Release|iPhone.Deploy.0 = Release|iPhone
		{5491D6BD-71F6-4F04-AC72-4426D756146B}.Release|iPhoneSimulator.ActiveCfg = Release|iPhoneSimulator
		{5491D6BD-71F6-4F04-AC72-4426D756146B}.Release|iPhoneSimulator.Build.0 = Release|iPhoneSimulator
		{5491D6BD-71F6-4F04-AC72-4426D756146B}.Release|iPhoneSimulator.Deploy.0 = Release|iPhoneSimulator
		{5491D6BD-71F6-4F04-AC72-4426D756146B}.Release|Mixed Platforms.ActiveCfg = Release|iPhone
		{5491D6BD-71F6-4F04-AC72-4426D756146B}.Release|Mixed Platforms.Build.0 = Release|iPhone
		{5491D6BD-71F6-4F04-AC72-4426D756146B}.Release|Mixed Platforms.Deploy.0 = Release|iPhone
		{5491D6BD-71F6-4F04-AC72-4426D756146B}.Release|x86.ActiveCfg = Release|iPhone
		{5AD3481D-6595-4CB9-8D89-55CAF6548106}.Ad-Hoc|Any CPU.ActiveCfg = Release|Any CPU
		{5AD3481D-6595-4CB9-8D89-55CAF6548106}.Ad-Hoc|Any CPU.Build.0 = Release|Any CPU
		{5AD3481D-6595-4CB9-8D89-55CAF6548106}.Ad-Hoc|Any CPU.Deploy.0 = Release|Any CPU
		{5AD3481D-6595-4CB9-8D89-55CAF6548106}.Ad-Hoc|ARM.ActiveCfg = Release|Any CPU
		{5AD3481D-6595-4CB9-8D89-55CAF6548106}.Ad-Hoc|iPhone.ActiveCfg = Release|Any CPU
		{5AD3481D-6595-4CB9-8D89-55CAF6548106}.Ad-Hoc|iPhoneSimulator.ActiveCfg = Release|Any CPU
		{5AD3481D-6595-4CB9-8D89-55CAF6548106}.Ad-Hoc|Mixed Platforms.ActiveCfg = Release|Any CPU
		{5AD3481D-6595-4CB9-8D89-55CAF6548106}.Ad-Hoc|Mixed Platforms.Build.0 = Release|Any CPU
		{5AD3481D-6595-4CB9-8D89-55CAF6548106}.Ad-Hoc|Mixed Platforms.Deploy.0 = Release|Any CPU
		{5AD3481D-6595-4CB9-8D89-55CAF6548106}.Ad-Hoc|x86.ActiveCfg = Release|Any CPU
		{5AD3481D-6595-4CB9-8D89-55CAF6548106}.AppStore|Any CPU.ActiveCfg = Release|Any CPU
		{5AD3481D-6595-4CB9-8D89-55CAF6548106}.AppStore|Any CPU.Build.0 = Release|Any CPU
		{5AD3481D-6595-4CB9-8D89-55CAF6548106}.AppStore|Any CPU.Deploy.0 = Release|Any CPU
		{5AD3481D-6595-4CB9-8D89-55CAF6548106}.AppStore|ARM.ActiveCfg = Release|Any CPU
		{5AD3481D-6595-4CB9-8D89-55CAF6548106}.AppStore|iPhone.ActiveCfg = Release|Any CPU
		{5AD3481D-6595-4CB9-8D89-55CAF6548106}.AppStore|iPhoneSimulator.ActiveCfg = Release|Any CPU
		{5AD3481D-6595-4CB9-8D89-55CAF6548106}.AppStore|Mixed Platforms.ActiveCfg = Release|Any CPU
		{5AD3481D-6595-4CB9-8D89-55CAF6548106}.AppStore|Mixed Platforms.Build.0 = Release|Any CPU
		{5AD3481D-6595-4CB9-8D89-55CAF6548106}.AppStore|Mixed Platforms.Deploy.0 = Release|Any CPU
		{5AD3481D-6595-4CB9-8D89-55CAF6548106}.AppStore|x86.ActiveCfg = Release|Any CPU
		{5AD3481D-6595-4CB9-8D89-55CAF6548106}.Debug|Any CPU.ActiveCfg = Debug|Any CPU
		{5AD3481D-6595-4CB9-8D89-55CAF6548106}.Debug|Any CPU.Build.0 = Debug|Any CPU
		{5AD3481D-6595-4CB9-8D89-55CAF6548106}.Debug|Any CPU.Deploy.0 = Debug|Any CPU
		{5AD3481D-6595-4CB9-8D89-55CAF6548106}.Debug|ARM.ActiveCfg = Debug|Any CPU
		{5AD3481D-6595-4CB9-8D89-55CAF6548106}.Debug|iPhone.ActiveCfg = Debug|Any CPU
		{5AD3481D-6595-4CB9-8D89-55CAF6548106}.Debug|iPhoneSimulator.ActiveCfg = Debug|Any CPU
		{5AD3481D-6595-4CB9-8D89-55CAF6548106}.Debug|Mixed Platforms.ActiveCfg = Debug|Any CPU
		{5AD3481D-6595-4CB9-8D89-55CAF6548106}.Debug|Mixed Platforms.Build.0 = Debug|Any CPU
		{5AD3481D-6595-4CB9-8D89-55CAF6548106}.Debug|Mixed Platforms.Deploy.0 = Debug|Any CPU
		{5AD3481D-6595-4CB9-8D89-55CAF6548106}.Debug|x86.ActiveCfg = Debug|Any CPU
		{5AD3481D-6595-4CB9-8D89-55CAF6548106}.Release|Any CPU.ActiveCfg = Release|Any CPU
		{5AD3481D-6595-4CB9-8D89-55CAF6548106}.Release|Any CPU.Build.0 = Release|Any CPU
		{5AD3481D-6595-4CB9-8D89-55CAF6548106}.Release|Any CPU.Deploy.0 = Release|Any CPU
		{5AD3481D-6595-4CB9-8D89-55CAF6548106}.Release|ARM.ActiveCfg = Release|Any CPU
		{5AD3481D-6595-4CB9-8D89-55CAF6548106}.Release|iPhone.ActiveCfg = Release|Any CPU
		{5AD3481D-6595-4CB9-8D89-55CAF6548106}.Release|iPhoneSimulator.ActiveCfg = Release|Any CPU
		{5AD3481D-6595-4CB9-8D89-55CAF6548106}.Release|Mixed Platforms.ActiveCfg = Release|Any CPU
		{5AD3481D-6595-4CB9-8D89-55CAF6548106}.Release|Mixed Platforms.Build.0 = Release|Any CPU
		{5AD3481D-6595-4CB9-8D89-55CAF6548106}.Release|Mixed Platforms.Deploy.0 = Release|Any CPU
		{5AD3481D-6595-4CB9-8D89-55CAF6548106}.Release|x86.ActiveCfg = Release|Any CPU
		{DB657F07-7990-4147-B7CC-4B9FFE322AC3}.Ad-Hoc|Any CPU.ActiveCfg = Release|Any CPU
		{DB657F07-7990-4147-B7CC-4B9FFE322AC3}.Ad-Hoc|Any CPU.Build.0 = Release|Any CPU
		{DB657F07-7990-4147-B7CC-4B9FFE322AC3}.Ad-Hoc|Any CPU.Deploy.0 = Release|Any CPU
		{DB657F07-7990-4147-B7CC-4B9FFE322AC3}.Ad-Hoc|ARM.ActiveCfg = Release|ARM
		{DB657F07-7990-4147-B7CC-4B9FFE322AC3}.Ad-Hoc|ARM.Build.0 = Release|ARM
		{DB657F07-7990-4147-B7CC-4B9FFE322AC3}.Ad-Hoc|ARM.Deploy.0 = Release|ARM
		{DB657F07-7990-4147-B7CC-4B9FFE322AC3}.Ad-Hoc|iPhone.ActiveCfg = Release|Any CPU
		{DB657F07-7990-4147-B7CC-4B9FFE322AC3}.Ad-Hoc|iPhoneSimulator.ActiveCfg = Release|Any CPU
		{DB657F07-7990-4147-B7CC-4B9FFE322AC3}.Ad-Hoc|Mixed Platforms.ActiveCfg = Release|x86
		{DB657F07-7990-4147-B7CC-4B9FFE322AC3}.Ad-Hoc|Mixed Platforms.Build.0 = Release|x86
		{DB657F07-7990-4147-B7CC-4B9FFE322AC3}.Ad-Hoc|Mixed Platforms.Deploy.0 = Release|x86
		{DB657F07-7990-4147-B7CC-4B9FFE322AC3}.Ad-Hoc|x86.ActiveCfg = Release|x86
		{DB657F07-7990-4147-B7CC-4B9FFE322AC3}.Ad-Hoc|x86.Build.0 = Release|x86
		{DB657F07-7990-4147-B7CC-4B9FFE322AC3}.Ad-Hoc|x86.Deploy.0 = Release|x86
		{DB657F07-7990-4147-B7CC-4B9FFE322AC3}.AppStore|Any CPU.ActiveCfg = Release|Any CPU
		{DB657F07-7990-4147-B7CC-4B9FFE322AC3}.AppStore|Any CPU.Build.0 = Release|Any CPU
		{DB657F07-7990-4147-B7CC-4B9FFE322AC3}.AppStore|Any CPU.Deploy.0 = Release|Any CPU
		{DB657F07-7990-4147-B7CC-4B9FFE322AC3}.AppStore|ARM.ActiveCfg = Release|ARM
		{DB657F07-7990-4147-B7CC-4B9FFE322AC3}.AppStore|ARM.Build.0 = Release|ARM
		{DB657F07-7990-4147-B7CC-4B9FFE322AC3}.AppStore|ARM.Deploy.0 = Release|ARM
		{DB657F07-7990-4147-B7CC-4B9FFE322AC3}.AppStore|iPhone.ActiveCfg = Release|Any CPU
		{DB657F07-7990-4147-B7CC-4B9FFE322AC3}.AppStore|iPhoneSimulator.ActiveCfg = Release|Any CPU
		{DB657F07-7990-4147-B7CC-4B9FFE322AC3}.AppStore|Mixed Platforms.ActiveCfg = Release|x86
		{DB657F07-7990-4147-B7CC-4B9FFE322AC3}.AppStore|Mixed Platforms.Build.0 = Release|x86
		{DB657F07-7990-4147-B7CC-4B9FFE322AC3}.AppStore|Mixed Platforms.Deploy.0 = Release|x86
		{DB657F07-7990-4147-B7CC-4B9FFE322AC3}.AppStore|x86.ActiveCfg = Release|x86
		{DB657F07-7990-4147-B7CC-4B9FFE322AC3}.AppStore|x86.Build.0 = Release|x86
		{DB657F07-7990-4147-B7CC-4B9FFE322AC3}.AppStore|x86.Deploy.0 = Release|x86
		{DB657F07-7990-4147-B7CC-4B9FFE322AC3}.Debug|Any CPU.ActiveCfg = Debug|Any CPU
		{DB657F07-7990-4147-B7CC-4B9FFE322AC3}.Debug|Any CPU.Build.0 = Debug|Any CPU
		{DB657F07-7990-4147-B7CC-4B9FFE322AC3}.Debug|Any CPU.Deploy.0 = Debug|Any CPU
		{DB657F07-7990-4147-B7CC-4B9FFE322AC3}.Debug|ARM.ActiveCfg = Debug|ARM
		{DB657F07-7990-4147-B7CC-4B9FFE322AC3}.Debug|ARM.Build.0 = Debug|ARM
		{DB657F07-7990-4147-B7CC-4B9FFE322AC3}.Debug|ARM.Deploy.0 = Debug|ARM
		{DB657F07-7990-4147-B7CC-4B9FFE322AC3}.Debug|iPhone.ActiveCfg = Debug|Any CPU
		{DB657F07-7990-4147-B7CC-4B9FFE322AC3}.Debug|iPhoneSimulator.ActiveCfg = Debug|Any CPU
		{DB657F07-7990-4147-B7CC-4B9FFE322AC3}.Debug|Mixed Platforms.ActiveCfg = Debug|x86
		{DB657F07-7990-4147-B7CC-4B9FFE322AC3}.Debug|Mixed Platforms.Build.0 = Debug|x86
		{DB657F07-7990-4147-B7CC-4B9FFE322AC3}.Debug|Mixed Platforms.Deploy.0 = Debug|x86
		{DB657F07-7990-4147-B7CC-4B9FFE322AC3}.Debug|x86.ActiveCfg = Debug|x86
		{DB657F07-7990-4147-B7CC-4B9FFE322AC3}.Debug|x86.Build.0 = Debug|x86
		{DB657F07-7990-4147-B7CC-4B9FFE322AC3}.Debug|x86.Deploy.0 = Debug|x86
		{DB657F07-7990-4147-B7CC-4B9FFE322AC3}.Release|Any CPU.ActiveCfg = Release|Any CPU
		{DB657F07-7990-4147-B7CC-4B9FFE322AC3}.Release|Any CPU.Build.0 = Release|Any CPU
		{DB657F07-7990-4147-B7CC-4B9FFE322AC3}.Release|Any CPU.Deploy.0 = Release|Any CPU
		{DB657F07-7990-4147-B7CC-4B9FFE322AC3}.Release|ARM.ActiveCfg = Release|ARM
		{DB657F07-7990-4147-B7CC-4B9FFE322AC3}.Release|ARM.Build.0 = Release|ARM
		{DB657F07-7990-4147-B7CC-4B9FFE322AC3}.Release|ARM.Deploy.0 = Release|ARM
		{DB657F07-7990-4147-B7CC-4B9FFE322AC3}.Release|iPhone.ActiveCfg = Release|Any CPU
		{DB657F07-7990-4147-B7CC-4B9FFE322AC3}.Release|iPhoneSimulator.ActiveCfg = Release|Any CPU
		{DB657F07-7990-4147-B7CC-4B9FFE322AC3}.Release|Mixed Platforms.ActiveCfg = Release|x86
		{DB657F07-7990-4147-B7CC-4B9FFE322AC3}.Release|Mixed Platforms.Build.0 = Release|x86
		{DB657F07-7990-4147-B7CC-4B9FFE322AC3}.Release|Mixed Platforms.Deploy.0 = Release|x86
		{DB657F07-7990-4147-B7CC-4B9FFE322AC3}.Release|x86.ActiveCfg = Release|x86
		{DB657F07-7990-4147-B7CC-4B9FFE322AC3}.Release|x86.Build.0 = Release|x86
		{DB657F07-7990-4147-B7CC-4B9FFE322AC3}.Release|x86.Deploy.0 = Release|x86
	EndGlobalSection
	GlobalSection(SolutionProperties) = preSolution
		HideSolutionNode = FALSE
	EndGlobalSection
EndGlobal
