
Microsoft Visual Studio Solution File, Format Version 12.00
# Visual Studio 2013
VisualStudioVersion = 12.0.30324.0
MinimumVisualStudioVersion = 10.0.40219.1
Project("{FAE04EC0-301F-11D3-BF4B-00C04F79EFBC}") = "Memorama", "Memorama\Memorama\Memorama.csproj", "{7F35031E-7CDC-43B4-A8D8-99B1DECE6B49}"
EndProject
Project("{FAE04EC0-301F-11D3-BF4B-00C04F79EFBC}") = "Memorama.iOS", "Memorama\Memorama.iOS\Memorama.iOS.csproj", "{CB98AA40-C942-4792-9020-38797E8C3B6F}"
EndProject
Project("{FAE04EC0-301F-11D3-BF4B-00C04F79EFBC}") = "Memorama.Android", "Memorama\Memorama.Android\Memorama.Android.csproj", "{F8B1AE8D-79A9-4DE3-8438-1B1AD8C02DE0}"
EndProject
Project("{FAE04EC0-301F-11D3-BF4B-00C04F79EFBC}") = "Memorama.WinPhone", "Memorama\Memorama.WinPhone\Memorama.WinPhone.csproj", "{4D30533E-35B7-4100-9A58-03F2511B8086}"
EndProject
Global
	GlobalSection(SolutionConfigurationPlatforms) = preSolution
		Ad-Hoc|Any CPU = Ad-Hoc|Any CPU
		Ad-Hoc|ARM = Ad-Hoc|ARM
		Ad-Hoc|iPhone = Ad-Hoc|iPhone
		Ad-Hoc|iPhoneSimulator = Ad-Hoc|iPhoneSimulator
		Ad-Hoc|Mixed Platforms = Ad-Hoc|Mixed Platforms
		Ad-Hoc|x86 = Ad-Hoc|x86
		AppStore|Any CPU = AppStore|Any CPU
		AppStore|ARM = AppStore|ARM
		AppStore|iPhone = AppStore|iPhone
		AppStore|iPhoneSimulator = AppStore|iPhoneSimulator
		AppStore|Mixed Platforms = AppStore|Mixed Platforms
		AppStore|x86 = AppStore|x86
		Debug|Any CPU = Debug|Any CPU
		Debug|ARM = Debug|ARM
		Debug|iPhone = Debug|iPhone
		Debug|iPhoneSimulator = Debug|iPhoneSimulator
		Debug|Mixed Platforms = Debug|Mixed Platforms
		Debug|x86 = Debug|x86
		Release|Any CPU = Release|Any CPU
		Release|ARM = Release|ARM
		Release|iPhone = Release|iPhone
		Release|iPhoneSimulator = Release|iPhoneSimulator
		Release|Mixed Platforms = Release|Mixed Platforms
		Release|x86 = Release|x86
	EndGlobalSection
	GlobalSection(ProjectConfigurationPlatforms) = postSolution
		{7F35031E-7CDC-43B4-A8D8-99B1DECE6B49}.Ad-Hoc|Any CPU.ActiveCfg = Release|Any CPU
		{7F35031E-7CDC-43B4-A8D8-99B1DECE6B49}.Ad-Hoc|Any CPU.Build.0 = Release|Any CPU
		{7F35031E-7CDC-43B4-A8D8-99B1DECE6B49}.Ad-Hoc|ARM.ActiveCfg = Release|Any CPU
		{7F35031E-7CDC-43B4-A8D8-99B1DECE6B49}.Ad-Hoc|iPhone.ActiveCfg = Release|Any CPU
		{7F35031E-7CDC-43B4-A8D8-99B1DECE6B49}.Ad-Hoc|iPhoneSimulator.ActiveCfg = Release|Any CPU
		{7F35031E-7CDC-43B4-A8D8-99B1DECE6B49}.Ad-Hoc|Mixed Platforms.ActiveCfg = Release|Any CPU
		{7F35031E-7CDC-43B4-A8D8-99B1DECE6B49}.Ad-Hoc|Mixed Platforms.Build.0 = Release|Any CPU
		{7F35031E-7CDC-43B4-A8D8-99B1DECE6B49}.Ad-Hoc|x86.ActiveCfg = Release|Any CPU
		{7F35031E-7CDC-43B4-A8D8-99B1DECE6B49}.AppStore|Any CPU.ActiveCfg = Release|Any CPU
		{7F35031E-7CDC-43B4-A8D8-99B1DECE6B49}.AppStore|Any CPU.Build.0 = Release|Any CPU
		{7F35031E-7CDC-43B4-A8D8-99B1DECE6B49}.AppStore|ARM.ActiveCfg = Release|Any CPU
		{7F35031E-7CDC-43B4-A8D8-99B1DECE6B49}.AppStore|iPhone.ActiveCfg = Release|Any CPU
		{7F35031E-7CDC-43B4-A8D8-99B1DECE6B49}.AppStore|iPhoneSimulator.ActiveCfg = Release|Any CPU
		{7F35031E-7CDC-43B4-A8D8-99B1DECE6B49}.AppStore|Mixed Platforms.ActiveCfg = Release|Any CPU
		{7F35031E-7CDC-43B4-A8D8-99B1DECE6B49}.AppStore|Mixed Platforms.Build.0 = Release|Any CPU
		{7F35031E-7CDC-43B4-A8D8-99B1DECE6B49}.AppStore|x86.ActiveCfg = Release|Any CPU
		{7F35031E-7CDC-43B4-A8D8-99B1DECE6B49}.Debug|Any CPU.ActiveCfg = Debug|Any CPU
		{7F35031E-7CDC-43B4-A8D8-99B1DECE6B49}.Debug|Any CPU.Build.0 = Debug|Any CPU
		{7F35031E-7CDC-43B4-A8D8-99B1DECE6B49}.Debug|ARM.ActiveCfg = Debug|Any CPU
		{7F35031E-7CDC-43B4-A8D8-99B1DECE6B49}.Debug|iPhone.ActiveCfg = Debug|Any CPU
		{7F35031E-7CDC-43B4-A8D8-99B1DECE6B49}.Debug|iPhoneSimulator.ActiveCfg = Debug|Any CPU
		{7F35031E-7CDC-43B4-A8D8-99B1DECE6B49}.Debug|Mixed Platforms.ActiveCfg = Debug|Any CPU
		{7F35031E-7CDC-43B4-A8D8-99B1DECE6B49}.Debug|Mixed Platforms.Build.0 = Debug|Any CPU
		{7F35031E-7CDC-43B4-A8D8-99B1DECE6B49}.Debug|x86.ActiveCfg = Debug|Any CPU
		{7F35031E-7CDC-43B4-A8D8-99B1DECE6B49}.Release|Any CPU.ActiveCfg = Release|Any CPU
		{7F35031E-7CDC-43B4-A8D8-99B1DECE6B49}.Release|Any CPU.Build.0 = Release|Any CPU
		{7F35031E-7CDC-43B4-A8D8-99B1DECE6B49}.Release|ARM.ActiveCfg = Release|Any CPU
		{7F35031E-7CDC-43B4-A8D8-99B1DECE6B49}.Release|iPhone.ActiveCfg = Release|Any CPU
		{7F35031E-7CDC-43B4-A8D8-99B1DECE6B49}.Release|iPhoneSimulator.ActiveCfg = Release|Any CPU
		{7F35031E-7CDC-43B4-A8D8-99B1DECE6B49}.Release|Mixed Platforms.ActiveCfg = Release|Any CPU
		{7F35031E-7CDC-43B4-A8D8-99B1DECE6B49}.Release|Mixed Platforms.Build.0 = Release|Any CPU
		{7F35031E-7CDC-43B4-A8D8-99B1DECE6B49}.Release|x86.ActiveCfg = Release|Any CPU
		{CB98AA40-C942-4792-9020-38797E8C3B6F}.Ad-Hoc|Any CPU.ActiveCfg = Ad-Hoc|iPhone
		{CB98AA40-C942-4792-9020-38797E8C3B6F}.Ad-Hoc|ARM.ActiveCfg = Ad-Hoc|iPhone
		{CB98AA40-C942-4792-9020-38797E8C3B6F}.Ad-Hoc|iPhone.ActiveCfg = Ad-Hoc|iPhone
		{CB98AA40-C942-4792-9020-38797E8C3B6F}.Ad-Hoc|iPhone.Build.0 = Ad-Hoc|iPhone
		{CB98AA40-C942-4792-9020-38797E8C3B6F}.Ad-Hoc|iPhone.Deploy.0 = Ad-Hoc|iPhone
		{CB98AA40-C942-4792-9020-38797E8C3B6F}.Ad-Hoc|iPhoneSimulator.ActiveCfg = Ad-Hoc|iPhoneSimulator
		{CB98AA40-C942-4792-9020-38797E8C3B6F}.Ad-Hoc|iPhoneSimulator.Build.0 = Ad-Hoc|iPhoneSimulator
		{CB98AA40-C942-4792-9020-38797E8C3B6F}.Ad-Hoc|iPhoneSimulator.Deploy.0 = Ad-Hoc|iPhoneSimulator
		{CB98AA40-C942-4792-9020-38797E8C3B6F}.Ad-Hoc|Mixed Platforms.ActiveCfg = Ad-Hoc|iPhone
		{CB98AA40-C942-4792-9020-38797E8C3B6F}.Ad-Hoc|Mixed Platforms.Build.0 = Ad-Hoc|iPhone
		{CB98AA40-C942-4792-9020-38797E8C3B6F}.Ad-Hoc|Mixed Platforms.Deploy.0 = Ad-Hoc|iPhone
		{CB98AA40-C942-4792-9020-38797E8C3B6F}.Ad-Hoc|x86.ActiveCfg = Ad-Hoc|iPhone
		{CB98AA40-C942-4792-9020-38797E8C3B6F}.AppStore|Any CPU.ActiveCfg = AppStore|iPhone
		{CB98AA40-C942-4792-9020-38797E8C3B6F}.AppStore|ARM.ActiveCfg = AppStore|iPhone
		{CB98AA40-C942-4792-9020-38797E8C3B6F}.AppStore|iPhone.ActiveCfg = AppStore|iPhone
		{CB98AA40-C942-4792-9020-38797E8C3B6F}.AppStore|iPhone.Build.0 = AppStore|iPhone
		{CB98AA40-C942-4792-9020-38797E8C3B6F}.AppStore|iPhone.Deploy.0 = AppStore|iPhone
		{CB98AA40-C942-4792-9020-38797E8C3B6F}.AppStore|iPhoneSimulator.ActiveCfg = AppStore|iPhoneSimulator
		{CB98AA40-C942-4792-9020-38797E8C3B6F}.AppStore|iPhoneSimulator.Build.0 = AppStore|iPhoneSimulator
		{CB98AA40-C942-4792-9020-38797E8C3B6F}.AppStore|iPhoneSimulator.Deploy.0 = AppStore|iPhoneSimulator
		{CB98AA40-C942-4792-9020-38797E8C3B6F}.AppStore|Mixed Platforms.ActiveCfg = AppStore|iPhone
		{CB98AA40-C942-4792-9020-38797E8C3B6F}.AppStore|Mixed Platforms.Build.0 = AppStore|iPhone
		{CB98AA40-C942-4792-9020-38797E8C3B6F}.AppStore|Mixed Platforms.Deploy.0 = AppStore|iPhone
		{CB98AA40-C942-4792-9020-38797E8C3B6F}.AppStore|x86.ActiveCfg = AppStore|iPhone
		{CB98AA40-C942-4792-9020-38797E8C3B6F}.Debug|Any CPU.ActiveCfg = Debug|iPhone
		{CB98AA40-C942-4792-9020-38797E8C3B6F}.Debug|ARM.ActiveCfg = Debug|iPhone
		{CB98AA40-C942-4792-9020-38797E8C3B6F}.Debug|iPhone.ActiveCfg = Debug|iPhone
		{CB98AA40-C942-4792-9020-38797E8C3B6F}.Debug|iPhone.Build.0 = Debug|iPhone
		{CB98AA40-C942-4792-9020-38797E8C3B6F}.Debug|iPhone.Deploy.0 = Debug|iPhone
		{CB98AA40-C942-4792-9020-38797E8C3B6F}.Debug|iPhoneSimulator.ActiveCfg = Debug|iPhoneSimulator
		{CB98AA40-C942-4792-9020-38797E8C3B6F}.Debug|iPhoneSimulator.Build.0 = Debug|iPhoneSimulator
		{CB98AA40-C942-4792-9020-38797E8C3B6F}.Debug|iPhoneSimulator.Deploy.0 = Debug|iPhoneSimulator
		{CB98AA40-C942-4792-9020-38797E8C3B6F}.Debug|Mixed Platforms.ActiveCfg = Debug|iPhone
		{CB98AA40-C942-4792-9020-38797E8C3B6F}.Debug|Mixed Platforms.Build.0 = Debug|iPhone
		{CB98AA40-C942-4792-9020-38797E8C3B6F}.Debug|Mixed Platforms.Deploy.0 = Debug|iPhone
		{CB98AA40-C942-4792-9020-38797E8C3B6F}.Debug|x86.ActiveCfg = Debug|iPhone
		{CB98AA40-C942-4792-9020-38797E8C3B6F}.Release|Any CPU.ActiveCfg = Release|iPhone
		{CB98AA40-C942-4792-9020-38797E8C3B6F}.Release|ARM.ActiveCfg = Release|iPhone
		{CB98AA40-C942-4792-9020-38797E8C3B6F}.Release|iPhone.ActiveCfg = Release|iPhone
		{CB98AA40-C942-4792-9020-38797E8C3B6F}.Release|iPhone.Build.0 = Release|iPhone
		{CB98AA40-C942-4792-9020-38797E8C3B6F}.Release|iPhone.Deploy.0 = Release|iPhone
		{CB98AA40-C942-4792-9020-38797E8C3B6F}.Release|iPhoneSimulator.ActiveCfg = Release|iPhoneSimulator
		{CB98AA40-C942-4792-9020-38797E8C3B6F}.Release|iPhoneSimulator.Build.0 = Release|iPhoneSimulator
		{CB98AA40-C942-4792-9020-38797E8C3B6F}.Release|iPhoneSimulator.Deploy.0 = Release|iPhoneSimulator
		{CB98AA40-C942-4792-9020-38797E8C3B6F}.Release|Mixed Platforms.ActiveCfg = Release|iPhone
		{CB98AA40-C942-4792-9020-38797E8C3B6F}.Release|Mixed Platforms.Build.0 = Release|iPhone
		{CB98AA40-C942-4792-9020-38797E8C3B6F}.Release|Mixed Platforms.Deploy.0 = Release|iPhone
		{CB98AA40-C942-4792-9020-38797E8C3B6F}.Release|x86.ActiveCfg = Release|iPhone
		{F8B1AE8D-79A9-4DE3-8438-1B1AD8C02DE0}.Ad-Hoc|Any CPU.ActiveCfg = Release|Any CPU
		{F8B1AE8D-79A9-4DE3-8438-1B1AD8C02DE0}.Ad-Hoc|Any CPU.Build.0 = Release|Any CPU
		{F8B1AE8D-79A9-4DE3-8438-1B1AD8C02DE0}.Ad-Hoc|Any CPU.Deploy.0 = Release|Any CPU
		{F8B1AE8D-79A9-4DE3-8438-1B1AD8C02DE0}.Ad-Hoc|ARM.ActiveCfg = Release|Any CPU
		{F8B1AE8D-79A9-4DE3-8438-1B1AD8C02DE0}.Ad-Hoc|iPhone.ActiveCfg = Release|Any CPU
		{F8B1AE8D-79A9-4DE3-8438-1B1AD8C02DE0}.Ad-Hoc|iPhoneSimulator.ActiveCfg = Release|Any CPU
		{F8B1AE8D-79A9-4DE3-8438-1B1AD8C02DE0}.Ad-Hoc|Mixed Platforms.ActiveCfg = Release|Any CPU
		{F8B1AE8D-79A9-4DE3-8438-1B1AD8C02DE0}.Ad-Hoc|Mixed Platforms.Build.0 = Release|Any CPU
		{F8B1AE8D-79A9-4DE3-8438-1B1AD8C02DE0}.Ad-Hoc|Mixed Platforms.Deploy.0 = Release|Any CPU
		{F8B1AE8D-79A9-4DE3-8438-1B1AD8C02DE0}.Ad-Hoc|x86.ActiveCfg = Release|Any CPU
		{F8B1AE8D-79A9-4DE3-8438-1B1AD8C02DE0}.AppStore|Any CPU.ActiveCfg = Release|Any CPU
		{F8B1AE8D-79A9-4DE3-8438-1B1AD8C02DE0}.AppStore|Any CPU.Build.0 = Release|Any CPU
		{F8B1AE8D-79A9-4DE3-8438-1B1AD8C02DE0}.AppStore|Any CPU.Deploy.0 = Release|Any CPU
		{F8B1AE8D-79A9-4DE3-8438-1B1AD8C02DE0}.AppStore|ARM.ActiveCfg = Release|Any CPU
		{F8B1AE8D-79A9-4DE3-8438-1B1AD8C02DE0}.AppStore|iPhone.ActiveCfg = Release|Any CPU
		{F8B1AE8D-79A9-4DE3-8438-1B1AD8C02DE0}.AppStore|iPhoneSimulator.ActiveCfg = Release|Any CPU
		{F8B1AE8D-79A9-4DE3-8438-1B1AD8C02DE0}.AppStore|Mixed Platforms.ActiveCfg = Release|Any CPU
		{F8B1AE8D-79A9-4DE3-8438-1B1AD8C02DE0}.AppStore|Mixed Platforms.Build.0 = Release|Any CPU
		{F8B1AE8D-79A9-4DE3-8438-1B1AD8C02DE0}.AppStore|Mixed Platforms.Deploy.0 = Release|Any CPU
		{F8B1AE8D-79A9-4DE3-8438-1B1AD8C02DE0}.AppStore|x86.ActiveCfg = Release|Any CPU
		{F8B1AE8D-79A9-4DE3-8438-1B1AD8C02DE0}.Debug|Any CPU.ActiveCfg = Debug|Any CPU
		{F8B1AE8D-79A9-4DE3-8438-1B1AD8C02DE0}.Debug|Any CPU.Build.0 = Debug|Any CPU
		{F8B1AE8D-79A9-4DE3-8438-1B1AD8C02DE0}.Debug|Any CPU.Deploy.0 = Debug|Any CPU
		{F8B1AE8D-79A9-4DE3-8438-1B1AD8C02DE0}.Debug|ARM.ActiveCfg = Debug|Any CPU
		{F8B1AE8D-79A9-4DE3-8438-1B1AD8C02DE0}.Debug|iPhone.ActiveCfg = Debug|Any CPU
		{F8B1AE8D-79A9-4DE3-8438-1B1AD8C02DE0}.Debug|iPhoneSimulator.ActiveCfg = Debug|Any CPU
		{F8B1AE8D-79A9-4DE3-8438-1B1AD8C02DE0}.Debug|Mixed Platforms.ActiveCfg = Debug|Any CPU
		{F8B1AE8D-79A9-4DE3-8438-1B1AD8C02DE0}.Debug|Mixed Platforms.Build.0 = Debug|Any CPU
		{F8B1AE8D-79A9-4DE3-8438-1B1AD8C02DE0}.Debug|Mixed Platforms.Deploy.0 = Debug|Any CPU
		{F8B1AE8D-79A9-4DE3-8438-1B1AD8C02DE0}.Debug|x86.ActiveCfg = Debug|Any CPU
		{F8B1AE8D-79A9-4DE3-8438-1B1AD8C02DE0}.Release|Any CPU.ActiveCfg = Release|Any CPU
		{F8B1AE8D-79A9-4DE3-8438-1B1AD8C02DE0}.Release|Any CPU.Build.0 = Release|Any CPU
		{F8B1AE8D-79A9-4DE3-8438-1B1AD8C02DE0}.Release|Any CPU.Deploy.0 = Release|Any CPU
		{F8B1AE8D-79A9-4DE3-8438-1B1AD8C02DE0}.Release|ARM.ActiveCfg = Release|Any CPU
		{F8B1AE8D-79A9-4DE3-8438-1B1AD8C02DE0}.Release|iPhone.ActiveCfg = Release|Any CPU
		{F8B1AE8D-79A9-4DE3-8438-1B1AD8C02DE0}.Release|iPhoneSimulator.ActiveCfg = Release|Any CPU
		{F8B1AE8D-79A9-4DE3-8438-1B1AD8C02DE0}.Release|Mixed Platforms.ActiveCfg = Release|Any CPU
		{F8B1AE8D-79A9-4DE3-8438-1B1AD8C02DE0}.Release|Mixed Platforms.Build.0 = Release|Any CPU
		{F8B1AE8D-79A9-4DE3-8438-1B1AD8C02DE0}.Release|Mixed Platforms.Deploy.0 = Release|Any CPU
		{F8B1AE8D-79A9-4DE3-8438-1B1AD8C02DE0}.Release|x86.ActiveCfg = Release|Any CPU
		{4D30533E-35B7-4100-9A58-03F2511B8086}.Ad-Hoc|Any CPU.ActiveCfg = Release|Any CPU
		{4D30533E-35B7-4100-9A58-03F2511B8086}.Ad-Hoc|Any CPU.Build.0 = Release|Any CPU
		{4D30533E-35B7-4100-9A58-03F2511B8086}.Ad-Hoc|Any CPU.Deploy.0 = Release|Any CPU
		{4D30533E-35B7-4100-9A58-03F2511B8086}.Ad-Hoc|ARM.ActiveCfg = Release|ARM
		{4D30533E-35B7-4100-9A58-03F2511B8086}.Ad-Hoc|ARM.Build.0 = Release|ARM
		{4D30533E-35B7-4100-9A58-03F2511B8086}.Ad-Hoc|ARM.Deploy.0 = Release|ARM
		{4D30533E-35B7-4100-9A58-03F2511B8086}.Ad-Hoc|iPhone.ActiveCfg = Release|Any CPU
		{4D30533E-35B7-4100-9A58-03F2511B8086}.Ad-Hoc|iPhoneSimulator.ActiveCfg = Release|Any CPU
		{4D30533E-35B7-4100-9A58-03F2511B8086}.Ad-Hoc|Mixed Platforms.ActiveCfg = Release|x86
		{4D30533E-35B7-4100-9A58-03F2511B8086}.Ad-Hoc|Mixed Platforms.Build.0 = Release|x86
		{4D30533E-35B7-4100-9A58-03F2511B8086}.Ad-Hoc|Mixed Platforms.Deploy.0 = Release|x86
		{4D30533E-35B7-4100-9A58-03F2511B8086}.Ad-Hoc|x86.ActiveCfg = Release|x86
		{4D30533E-35B7-4100-9A58-03F2511B8086}.Ad-Hoc|x86.Build.0 = Release|x86
		{4D30533E-35B7-4100-9A58-03F2511B8086}.Ad-Hoc|x86.Deploy.0 = Release|x86
		{4D30533E-35B7-4100-9A58-03F2511B8086}.AppStore|Any CPU.ActiveCfg = Release|Any CPU
		{4D30533E-35B7-4100-9A58-03F2511B8086}.AppStore|Any CPU.Build.0 = Release|Any CPU
		{4D30533E-35B7-4100-9A58-03F2511B8086}.AppStore|Any CPU.Deploy.0 = Release|Any CPU
		{4D30533E-35B7-4100-9A58-03F2511B8086}.AppStore|ARM.ActiveCfg = Release|ARM
		{4D30533E-35B7-4100-9A58-03F2511B8086}.AppStore|ARM.Build.0 = Release|ARM
		{4D30533E-35B7-4100-9A58-03F2511B8086}.AppStore|ARM.Deploy.0 = Release|ARM
		{4D30533E-35B7-4100-9A58-03F2511B8086}.AppStore|iPhone.ActiveCfg = Release|Any CPU
		{4D30533E-35B7-4100-9A58-03F2511B8086}.AppStore|iPhoneSimulator.ActiveCfg = Release|Any CPU
		{4D30533E-35B7-4100-9A58-03F2511B8086}.AppStore|Mixed Platforms.ActiveCfg = Release|x86
		{4D30533E-35B7-4100-9A58-03F2511B8086}.AppStore|Mixed Platforms.Build.0 = Release|x86
		{4D30533E-35B7-4100-9A58-03F2511B8086}.AppStore|Mixed Platforms.Deploy.0 = Release|x86
		{4D30533E-35B7-4100-9A58-03F2511B8086}.AppStore|x86.ActiveCfg = Release|x86
		{4D30533E-35B7-4100-9A58-03F2511B8086}.AppStore|x86.Build.0 = Release|x86
		{4D30533E-35B7-4100-9A58-03F2511B8086}.AppStore|x86.Deploy.0 = Release|x86
		{4D30533E-35B7-4100-9A58-03F2511B8086}.Debug|Any CPU.ActiveCfg = Debug|Any CPU
		{4D30533E-35B7-4100-9A58-03F2511B8086}.Debug|Any CPU.Build.0 = Debug|Any CPU
		{4D30533E-35B7-4100-9A58-03F2511B8086}.Debug|Any CPU.Deploy.0 = Debug|Any CPU
		{4D30533E-35B7-4100-9A58-03F2511B8086}.Debug|ARM.ActiveCfg = Debug|ARM
		{4D30533E-35B7-4100-9A58-03F2511B8086}.Debug|ARM.Build.0 = Debug|ARM
		{4D30533E-35B7-4100-9A58-03F2511B8086}.Debug|ARM.Deploy.0 = Debug|ARM
		{4D30533E-35B7-4100-9A58-03F2511B8086}.Debug|iPhone.ActiveCfg = Debug|Any CPU
		{4D30533E-35B7-4100-9A58-03F2511B8086}.Debug|iPhoneSimulator.ActiveCfg = Debug|Any CPU
		{4D30533E-35B7-4100-9A58-03F2511B8086}.Debug|Mixed Platforms.ActiveCfg = Debug|x86
		{4D30533E-35B7-4100-9A58-03F2511B8086}.Debug|Mixed Platforms.Build.0 = Debug|x86
		{4D30533E-35B7-4100-9A58-03F2511B8086}.Debug|Mixed Platforms.Deploy.0 = Debug|x86
		{4D30533E-35B7-4100-9A58-03F2511B8086}.Debug|x86.ActiveCfg = Debug|x86
		{4D30533E-35B7-4100-9A58-03F2511B8086}.Debug|x86.Build.0 = Debug|x86
		{4D30533E-35B7-4100-9A58-03F2511B8086}.Debug|x86.Deploy.0 = Debug|x86
		{4D30533E-35B7-4100-9A58-03F2511B8086}.Release|Any CPU.ActiveCfg = Release|Any CPU
		{4D30533E-35B7-4100-9A58-03F2511B8086}.Release|Any CPU.Build.0 = Release|Any CPU
		{4D30533E-35B7-4100-9A58-03F2511B8086}.Release|Any CPU.Deploy.0 = Release|Any CPU
		{4D30533E-35B7-4100-9A58-03F2511B8086}.Release|ARM.ActiveCfg = Release|ARM
		{4D30533E-35B7-4100-9A58-03F2511B8086}.Release|ARM.Build.0 = Release|ARM
		{4D30533E-35B7-4100-9A58-03F2511B8086}.Release|ARM.Deploy.0 = Release|ARM
		{4D30533E-35B7-4100-9A58-03F2511B8086}.Release|iPhone.ActiveCfg = Release|Any CPU
		{4D30533E-35B7-4100-9A58-03F2511B8086}.Release|iPhoneSimulator.ActiveCfg = Release|Any CPU
		{4D30533E-35B7-4100-9A58-03F2511B8086}.Release|Mixed Platforms.ActiveCfg = Release|x86
		{4D30533E-35B7-4100-9A58-03F2511B8086}.Release|Mixed Platforms.Build.0 = Release|x86
		{4D30533E-35B7-4100-9A58-03F2511B8086}.Release|Mixed Platforms.Deploy.0 = Release|x86
		{4D30533E-35B7-4100-9A58-03F2511B8086}.Release|x86.ActiveCfg = Release|x86
		{4D30533E-35B7-4100-9A58-03F2511B8086}.Release|x86.Build.0 = Release|x86
		{4D30533E-35B7-4100-9A58-03F2511B8086}.Release|x86.Deploy.0 = Release|x86
	EndGlobalSection
	GlobalSection(SolutionProperties) = preSolution
		HideSolutionNode = FALSE
	EndGlobalSection
EndGlobal
